
Microsoft Visual Studio Solution File, Format Version 10.00
# Visual Studio 2008
Project("{FAE04EC0-301F-11D3-BF4B-00C04F79EFBC}") = "Longgong.mm.app", "Longgong.mm.app\Longgong.mm.app.csproj", "{3C58F81F-4B75-452C-B7EB-1DAF88E8849B}"
	ProjectSection(ProjectDependencies) = postProject
		{92DDB26B-A748-41B2-998D-0975824F797D} = {92DDB26B-A748-41B2-998D-0975824F797D}
	EndProjectSection
EndProject
Project("{FAE04EC0-301F-11D3-BF4B-00C04F79EFBC}") = "Longgong.mm.ViewModels", "Longgong.mm.ViewModels\Longgong.mm.ViewModels.csproj", "{031ED403-896C-4C3A-86D3-99ADC108D499}"
EndProject
Project("{FAE04EC0-301F-11D3-BF4B-00C04F79EFBC}") = "Mavis.Framework.Test", "Mavis.Framework.Test\Mavis.Framework.Test.csproj", "{DCD6FF05-DA62-4A5A-9D2A-B1BE86E0B9F1}"
EndProject
Project("{FAE04EC0-301F-11D3-BF4B-00C04F79EFBC}") = "Mavis.Utility", "Mavis.Utility\Mavis.Utility.csproj", "{070BE04B-855A-4D55-8F57-631DB6464342}"
EndProject
Project("{2150E333-8FDC-42A3-9474-1A3956D46DE8}") = "Test", "Test", "{02E9B1FA-5C4A-4866-9393-276A56E63F9A}"
EndProject
Project("{2150E333-8FDC-42A3-9474-1A3956D46DE8}") = "Mavis.Framework", "Mavis.Framework", "{2A514D7C-6ACA-48E6-A495-6BD3FEB5DEAD}"
EndProject
Project("{2150E333-8FDC-42A3-9474-1A3956D46DE8}") = "Longgong.mm", "Longgong.mm", "{D48412B1-5E80-4207-B801-A915295A7912}"
EndProject
Project("{FAE04EC0-301F-11D3-BF4B-00C04F79EFBC}") = "Longgong.mm.Data", "Longgong.mm.Data\Longgong.mm.Data.csproj", "{B85111AE-AB9C-4F18-8697-1653DFD88821}"
EndProject
Project("{FAE04EC0-301F-11D3-BF4B-00C04F79EFBC}") = "Longgong.mm.Core", "Longgong.mm.Core\Longgong.mm.Core.csproj", "{B1255F06-E4C2-45DB-A305-0B498DF7AF41}"
EndProject
Project("{FAE04EC0-301F-11D3-BF4B-00C04F79EFBC}") = "Longgong.mm.Test", "Longgong.mm.Test\Longgong.mm.Test.csproj", "{FB12B742-84A3-4AE9-AB13-93B25C5EAB27}"
EndProject
Project("{FAE04EC0-301F-11D3-BF4B-00C04F79EFBC}") = "Mavis.MVVM", "Mavis.MVVM\Mavis.MVVM.csproj", "{27AF3C9F-D39E-4656-A605-B2862C24C439}"
EndProject
Project("{FAE04EC0-301F-11D3-BF4B-00C04F79EFBC}") = "Mavis.WPFComponents", "Mavis.WPFComponents\Mavis.WPFComponents.csproj", "{92DDB26B-A748-41B2-998D-0975824F797D}"
EndProject
Project("{FAE04EC0-301F-11D3-BF4B-00C04F79EFBC}") = "Mavis.Core", "Mavis.Core\Mavis.Core.csproj", "{69239884-EC53-4E19-B8CC-049EA4C08E84}"
EndProject
Project("{FAE04EC0-301F-11D3-BF4B-00C04F79EFBC}") = "Mavis.DataAccess", "Mavis.DataAccess\Mavis.DataAccess.csproj", "{7257E8E3-8908-4C82-B139-3326E11C43AF}"
EndProject
Project("{FAE04EC0-301F-11D3-BF4B-00C04F79EFBC}") = "Mavis.NHibernateValidator", "Mavis.NHibernateValidator\Mavis.NHibernateValidator.csproj", "{06F17B74-8F29-4CA3-B2A3-0295A01B6ED3}"
EndProject
Global
	GlobalSection(SubversionScc) = preSolution
		Svn-Managed = True
		Manager = AnkhSVN - Subversion Support for Visual Studio
	EndGlobalSection
	GlobalSection(SolutionConfigurationPlatforms) = preSolution
		Debug|Any CPU = Debug|Any CPU
		Release|Any CPU = Release|Any CPU
	EndGlobalSection
	GlobalSection(ProjectConfigurationPlatforms) = postSolution
		{3C58F81F-4B75-452C-B7EB-1DAF88E8849B}.Debug|Any CPU.ActiveCfg = Debug|Any CPU
		{3C58F81F-4B75-452C-B7EB-1DAF88E8849B}.Debug|Any CPU.Build.0 = Debug|Any CPU
		{3C58F81F-4B75-452C-B7EB-1DAF88E8849B}.Release|Any CPU.ActiveCfg = Release|Any CPU
		{3C58F81F-4B75-452C-B7EB-1DAF88E8849B}.Release|Any CPU.Build.0 = Release|Any CPU
		{031ED403-896C-4C3A-86D3-99ADC108D499}.Debug|Any CPU.ActiveCfg = Debug|Any CPU
		{031ED403-896C-4C3A-86D3-99ADC108D499}.Debug|Any CPU.Build.0 = Debug|Any CPU
		{031ED403-896C-4C3A-86D3-99ADC108D499}.Release|Any CPU.ActiveCfg = Release|Any CPU
		{031ED403-896C-4C3A-86D3-99ADC108D499}.Release|Any CPU.Build.0 = Release|Any CPU
		{DCD6FF05-DA62-4A5A-9D2A-B1BE86E0B9F1}.Debug|Any CPU.ActiveCfg = Debug|Any CPU
		{DCD6FF05-DA62-4A5A-9D2A-B1BE86E0B9F1}.Debug|Any CPU.Build.0 = Debug|Any CPU
		{DCD6FF05-DA62-4A5A-9D2A-B1BE86E0B9F1}.Release|Any CPU.ActiveCfg = Release|Any CPU
		{DCD6FF05-DA62-4A5A-9D2A-B1BE86E0B9F1}.Release|Any CPU.Build.0 = Release|Any CPU
		{070BE04B-855A-4D55-8F57-631DB6464342}.Debug|Any CPU.ActiveCfg = Debug|Any CPU
		{070BE04B-855A-4D55-8F57-631DB6464342}.Debug|Any CPU.Build.0 = Debug|Any CPU
		{070BE04B-855A-4D55-8F57-631DB6464342}.Release|Any CPU.ActiveCfg = Release|Any CPU
		{070BE04B-855A-4D55-8F57-631DB6464342}.Release|Any CPU.Build.0 = Release|Any CPU
		{B85111AE-AB9C-4F18-8697-1653DFD88821}.Debug|Any CPU.ActiveCfg = Debug|Any CPU
		{B85111AE-AB9C-4F18-8697-1653DFD88821}.Debug|Any CPU.Build.0 = Debug|Any CPU
		{B85111AE-AB9C-4F18-8697-1653DFD88821}.Release|Any CPU.ActiveCfg = Release|Any CPU
		{B85111AE-AB9C-4F18-8697-1653DFD88821}.Release|Any CPU.Build.0 = Release|Any CPU
		{B1255F06-E4C2-45DB-A305-0B498DF7AF41}.Debug|Any CPU.ActiveCfg = Debug|Any CPU
		{B1255F06-E4C2-45DB-A305-0B498DF7AF41}.Debug|Any CPU.Build.0 = Debug|Any CPU
		{B1255F06-E4C2-45DB-A305-0B498DF7AF41}.Release|Any CPU.ActiveCfg = Release|Any CPU
		{B1255F06-E4C2-45DB-A305-0B498DF7AF41}.Release|Any CPU.Build.0 = Release|Any CPU
		{FB12B742-84A3-4AE9-AB13-93B25C5EAB27}.Debug|Any CPU.ActiveCfg = Debug|Any CPU
		{FB12B742-84A3-4AE9-AB13-93B25C5EAB27}.Debug|Any CPU.Build.0 = Debug|Any CPU
		{FB12B742-84A3-4AE9-AB13-93B25C5EAB27}.Release|Any CPU.ActiveCfg = Release|Any CPU
		{FB12B742-84A3-4AE9-AB13-93B25C5EAB27}.Release|Any CPU.Build.0 = Release|Any CPU
		{27AF3C9F-D39E-4656-A605-B2862C24C439}.Debug|Any CPU.ActiveCfg = Debug|Any CPU
		{27AF3C9F-D39E-4656-A605-B2862C24C439}.Debug|Any CPU.Build.0 = Debug|Any CPU
		{27AF3C9F-D39E-4656-A605-B2862C24C439}.Release|Any CPU.ActiveCfg = Release|Any CPU
		{27AF3C9F-D39E-4656-A605-B2862C24C439}.Release|Any CPU.Build.0 = Release|Any CPU
		{92DDB26B-A748-41B2-998D-0975824F797D}.Debug|Any CPU.ActiveCfg = Debug|Any CPU
		{92DDB26B-A748-41B2-998D-0975824F797D}.Debug|Any CPU.Build.0 = Debug|Any CPU
		{92DDB26B-A748-41B2-998D-0975824F797D}.Release|Any CPU.ActiveCfg = Release|Any CPU
		{92DDB26B-A748-41B2-998D-0975824F797D}.Release|Any CPU.Build.0 = Release|Any CPU
		{69239884-EC53-4E19-B8CC-049EA4C08E84}.Debug|Any CPU.ActiveCfg = Debug|Any CPU
		{69239884-EC53-4E19-B8CC-049EA4C08E84}.Debug|Any CPU.Build.0 = Debug|Any CPU
		{69239884-EC53-4E19-B8CC-049EA4C08E84}.Release|Any CPU.ActiveCfg = Release|Any CPU
		{69239884-EC53-4E19-B8CC-049EA4C08E84}.Release|Any CPU.Build.0 = Release|Any CPU
		{7257E8E3-8908-4C82-B139-3326E11C43AF}.Debug|Any CPU.ActiveCfg = Debug|Any CPU
		{7257E8E3-8908-4C82-B139-3326E11C43AF}.Debug|Any CPU.Build.0 = Debug|Any CPU
		{7257E8E3-8908-4C82-B139-3326E11C43AF}.Release|Any CPU.ActiveCfg = Release|Any CPU
		{7257E8E3-8908-4C82-B139-3326E11C43AF}.Release|Any CPU.Build.0 = Release|Any CPU
		{06F17B74-8F29-4CA3-B2A3-0295A01B6ED3}.Debug|Any CPU.ActiveCfg = Debug|Any CPU
		{06F17B74-8F29-4CA3-B2A3-0295A01B6ED3}.Debug|Any CPU.Build.0 = Debug|Any CPU
		{06F17B74-8F29-4CA3-B2A3-0295A01B6ED3}.Release|Any CPU.ActiveCfg = Release|Any CPU
		{06F17B74-8F29-4CA3-B2A3-0295A01B6ED3}.Release|Any CPU.Build.0 = Release|Any CPU
	EndGlobalSection
	GlobalSection(SolutionProperties) = preSolution
		HideSolutionNode = FALSE
	EndGlobalSection
	GlobalSection(NestedProjects) = preSolution
		{031ED403-896C-4C3A-86D3-99ADC108D499} = {D48412B1-5E80-4207-B801-A915295A7912}
		{3C58F81F-4B75-452C-B7EB-1DAF88E8849B} = {D48412B1-5E80-4207-B801-A915295A7912}
		{B85111AE-AB9C-4F18-8697-1653DFD88821} = {D48412B1-5E80-4207-B801-A915295A7912}
		{B1255F06-E4C2-45DB-A305-0B498DF7AF41} = {D48412B1-5E80-4207-B801-A915295A7912}
		{DCD6FF05-DA62-4A5A-9D2A-B1BE86E0B9F1} = {02E9B1FA-5C4A-4866-9393-276A56E63F9A}
		{FB12B742-84A3-4AE9-AB13-93B25C5EAB27} = {02E9B1FA-5C4A-4866-9393-276A56E63F9A}
		{070BE04B-855A-4D55-8F57-631DB6464342} = {2A514D7C-6ACA-48E6-A495-6BD3FEB5DEAD}
		{27AF3C9F-D39E-4656-A605-B2862C24C439} = {2A514D7C-6ACA-48E6-A495-6BD3FEB5DEAD}
		{92DDB26B-A748-41B2-998D-0975824F797D} = {2A514D7C-6ACA-48E6-A495-6BD3FEB5DEAD}
		{69239884-EC53-4E19-B8CC-049EA4C08E84} = {2A514D7C-6ACA-48E6-A495-6BD3FEB5DEAD}
		{7257E8E3-8908-4C82-B139-3326E11C43AF} = {2A514D7C-6ACA-48E6-A495-6BD3FEB5DEAD}
		{06F17B74-8F29-4CA3-B2A3-0295A01B6ED3} = {2A514D7C-6ACA-48E6-A495-6BD3FEB5DEAD}
	EndGlobalSection
EndGlobal
